// !$*UTF8*$!
{
	archiveVersion = 1;
	classes = {
	};
	objectVersion = 55;
	objects = {

/* Begin PBXBuildFile section */
		C9496195283A14250009F4B4 /* composeview.swift in Sources */ = {isa = PBXBuildFile; fileRef = C9496194283A14250009F4B4 /* composeview.swift */; };
		C9496197283A2F850009F4B4 /* watchview.swift in Sources */ = {isa = PBXBuildFile; fileRef = C9496196283A2F850009F4B4 /* watchview.swift */; };
		C967D2DC281BB6A700783351 /* createview.swift in Sources */ = {isa = PBXBuildFile; fileRef = C967D2DB281BB6A700783351 /* createview.swift */; };
		C967D2DE281BB72500783351 /* joinview.swift in Sources */ = {isa = PBXBuildFile; fileRef = C967D2DD281BB72500783351 /* joinview.swift */; };
		C967D2E0281BB78B00783351 /* firstview.swift in Sources */ = {isa = PBXBuildFile; fileRef = C967D2DF281BB78B00783351 /* firstview.swift */; };
		C967D2E2281BB7F700783351 /* recordersettings.swift in Sources */ = {isa = PBXBuildFile; fileRef = C967D2E1281BB7F700783351 /* recordersettings.swift */; };
		C967D2E4281BB82C00783351 /* recordview.swift in Sources */ = {isa = PBXBuildFile; fileRef = C967D2E3281BB82C00783351 /* recordview.swift */; };
		C967D2E6281BDCFD00783351 /* cameraview.swift in Sources */ = {isa = PBXBuildFile; fileRef = C967D2E5281BDCFD00783351 /* cameraview.swift */; };
		C967D2E9281FB37B00783351 /* Alamofire in Frameworks */ = {isa = PBXBuildFile; productRef = C967D2E8281FB37B00783351 /* Alamofire */; };
		C967D2F12821A58F00783351 /* CameraManager in Frameworks */ = {isa = PBXBuildFile; productRef = C967D2F02821A58F00783351 /* CameraManager */; };
		C9A8F2E827F19BEE00F250B1 /* mixerApp.swift in Sources */ = {isa = PBXBuildFile; fileRef = C9A8F2E727F19BEE00F250B1 /* mixerApp.swift */; };
		C9A8F2EA27F19BEE00F250B1 /* ContentView.swift in Sources */ = {isa = PBXBuildFile; fileRef = C9A8F2E927F19BEE00F250B1 /* ContentView.swift */; };
		C9A8F2EC27F19BF000F250B1 /* Assets.xcassets in Resources */ = {isa = PBXBuildFile; fileRef = C9A8F2EB27F19BF000F250B1 /* Assets.xcassets */; };
		C9A8F2EF27F19BF000F250B1 /* Preview Assets.xcassets in Resources */ = {isa = PBXBuildFile; fileRef = C9A8F2EE27F19BF000F250B1 /* Preview Assets.xcassets */; };
		C9A8F2F927F19BF000F250B1 /* mixerTests.swift in Sources */ = {isa = PBXBuildFile; fileRef = C9A8F2F827F19BF000F250B1 /* mixerTests.swift */; };
		C9A8F30327F19BF000F250B1 /* mixerUITests.swift in Sources */ = {isa = PBXBuildFile; fileRef = C9A8F30227F19BF000F250B1 /* mixerUITests.swift */; };
		C9A8F30527F19BF000F250B1 /* mixerUITestsLaunchTests.swift in Sources */ = {isa = PBXBuildFile; fileRef = C9A8F30427F19BF000F250B1 /* mixerUITestsLaunchTests.swift */; };
		C9A8F31327F2F31200F250B1 /* Extensions.swift in Sources */ = {isa = PBXBuildFile; fileRef = C9A8F31227F2F31200F250B1 /* Extensions.swift */; };
/* End PBXBuildFile section */

/* Begin PBXContainerItemProxy section */
		C9A8F2F527F19BF000F250B1 /* PBXContainerItemProxy */ = {
			isa = PBXContainerItemProxy;
			containerPortal = C9A8F2DC27F19BEE00F250B1 /* Project object */;
			proxyType = 1;
			remoteGlobalIDString = C9A8F2E327F19BEE00F250B1;
			remoteInfo = mixer;
		};
		C9A8F2FF27F19BF000F250B1 /* PBXContainerItemProxy */ = {
			isa = PBXContainerItemProxy;
			containerPortal = C9A8F2DC27F19BEE00F250B1 /* Project object */;
			proxyType = 1;
			remoteGlobalIDString = C9A8F2E327F19BEE00F250B1;
			remoteInfo = mixer;
		};
/* End PBXContainerItemProxy section */

/* Begin PBXFileReference section */
		C9496194283A14250009F4B4 /* composeview.swift */ = {isa = PBXFileReference; lastKnownFileType = sourcecode.swift; path = composeview.swift; sourceTree = "<group>"; };
		C9496196283A2F850009F4B4 /* watchview.swift */ = {isa = PBXFileReference; lastKnownFileType = sourcecode.swift; path = watchview.swift; sourceTree = "<group>"; };
		C967D2DB281BB6A700783351 /* createview.swift */ = {isa = PBXFileReference; lastKnownFileType = sourcecode.swift; path = createview.swift; sourceTree = "<group>"; };
		C967D2DD281BB72500783351 /* joinview.swift */ = {isa = PBXFileReference; lastKnownFileType = sourcecode.swift; path = joinview.swift; sourceTree = "<group>"; };
		C967D2DF281BB78B00783351 /* firstview.swift */ = {isa = PBXFileReference; lastKnownFileType = sourcecode.swift; path = firstview.swift; sourceTree = "<group>"; };
		C967D2E1281BB7F700783351 /* recordersettings.swift */ = {isa = PBXFileReference; lastKnownFileType = sourcecode.swift; path = recordersettings.swift; sourceTree = "<group>"; };
		C967D2E3281BB82C00783351 /* recordview.swift */ = {isa = PBXFileReference; lastKnownFileType = sourcecode.swift; path = recordview.swift; sourceTree = "<group>"; };
		C967D2E5281BDCFD00783351 /* cameraview.swift */ = {isa = PBXFileReference; lastKnownFileType = sourcecode.swift; path = cameraview.swift; sourceTree = "<group>"; };
		C9A8F2E427F19BEE00F250B1 /* mixer.app */ = {isa = PBXFileReference; explicitFileType = wrapper.application; includeInIndex = 0; path = mixer.app; sourceTree = BUILT_PRODUCTS_DIR; };
		C9A8F2E727F19BEE00F250B1 /* mixerApp.swift */ = {isa = PBXFileReference; lastKnownFileType = sourcecode.swift; path = mixerApp.swift; sourceTree = "<group>"; };
		C9A8F2E927F19BEE00F250B1 /* ContentView.swift */ = {isa = PBXFileReference; lastKnownFileType = sourcecode.swift; path = ContentView.swift; sourceTree = "<group>"; };
		C9A8F2EB27F19BF000F250B1 /* Assets.xcassets */ = {isa = PBXFileReference; lastKnownFileType = folder.assetcatalog; path = Assets.xcassets; sourceTree = "<group>"; };
		C9A8F2EE27F19BF000F250B1 /* Preview Assets.xcassets */ = {isa = PBXFileReference; lastKnownFileType = folder.assetcatalog; path = "Preview Assets.xcassets"; sourceTree = "<group>"; };
		C9A8F2F427F19BF000F250B1 /* mixerTests.xctest */ = {isa = PBXFileReference; explicitFileType = wrapper.cfbundle; includeInIndex = 0; path = mixerTests.xctest; sourceTree = BUILT_PRODUCTS_DIR; };
		C9A8F2F827F19BF000F250B1 /* mixerTests.swift */ = {isa = PBXFileReference; lastKnownFileType = sourcecode.swift; path = mixerTests.swift; sourceTree = "<group>"; };
		C9A8F2FE27F19BF000F250B1 /* mixerUITests.xctest */ = {isa = PBXFileReference; explicitFileType = wrapper.cfbundle; includeInIndex = 0; path = mixerUITests.xctest; sourceTree = BUILT_PRODUCTS_DIR; };
		C9A8F30227F19BF000F250B1 /* mixerUITests.swift */ = {isa = PBXFileReference; lastKnownFileType = sourcecode.swift; path = mixerUITests.swift; sourceTree = "<group>"; };
		C9A8F30427F19BF000F250B1 /* mixerUITestsLaunchTests.swift */ = {isa = PBXFileReference; lastKnownFileType = sourcecode.swift; path = mixerUITestsLaunchTests.swift; sourceTree = "<group>"; };
		C9A8F31127F20A7C00F250B1 /* Info.plist */ = {isa = PBXFileReference; lastKnownFileType = text.plist; path = Info.plist; sourceTree = "<group>"; };
		C9A8F31227F2F31200F250B1 /* Extensions.swift */ = {isa = PBXFileReference; lastKnownFileType = sourcecode.swift; path = Extensions.swift; sourceTree = "<group>"; };
/* End PBXFileReference section */

/* Begin PBXFrameworksBuildPhase section */
		C9A8F2E127F19BEE00F250B1 /* Frameworks */ = {
			isa = PBXFrameworksBuildPhase;
			buildActionMask = 2147483647;
			files = (
				C967D2E9281FB37B00783351 /* Alamofire in Frameworks */,
				C967D2F12821A58F00783351 /* CameraManager in Frameworks */,
			);
			runOnlyForDeploymentPostprocessing = 0;
		};
		C9A8F2F127F19BF000F250B1 /* Frameworks */ = {
			isa = PBXFrameworksBuildPhase;
			buildActionMask = 2147483647;
			files = (
			);
			runOnlyForDeploymentPostprocessing = 0;
		};
		C9A8F2FB27F19BF000F250B1 /* Frameworks */ = {
			isa = PBXFrameworksBuildPhase;
			buildActionMask = 2147483647;
			files = (
			);
			runOnlyForDeploymentPostprocessing = 0;
		};
/* End PBXFrameworksBuildPhase section */

/* Begin PBXGroup section */
		C9A8F2DB27F19BEE00F250B1 = {
			isa = PBXGroup;
			children = (
				C9A8F31227F2F31200F250B1 /* Extensions.swift */,
				C9A8F2E627F19BEE00F250B1 /* mixer */,
				C9A8F2F727F19BF000F250B1 /* mixerTests */,
				C9A8F30127F19BF000F250B1 /* mixerUITests */,
				C9A8F2E527F19BEE00F250B1 /* Products */,
			);
			sourceTree = "<group>";
		};
		C9A8F2E527F19BEE00F250B1 /* Products */ = {
			isa = PBXGroup;
			children = (
				C9A8F2E427F19BEE00F250B1 /* mixer.app */,
				C9A8F2F427F19BF000F250B1 /* mixerTests.xctest */,
				C9A8F2FE27F19BF000F250B1 /* mixerUITests.xctest */,
			);
			name = Products;
			sourceTree = "<group>";
		};
		C9A8F2E627F19BEE00F250B1 /* mixer */ = {
			isa = PBXGroup;
			children = (
				C9A8F31127F20A7C00F250B1 /* Info.plist */,
				C9A8F2E727F19BEE00F250B1 /* mixerApp.swift */,
				C9496196283A2F850009F4B4 /* watchview.swift */,
				C9A8F2E927F19BEE00F250B1 /* ContentView.swift */,
				C9496194283A14250009F4B4 /* composeview.swift */,
				C967D2DB281BB6A700783351 /* createview.swift */,
				C967D2DD281BB72500783351 /* joinview.swift */,
				C967D2DF281BB78B00783351 /* firstview.swift */,
				C967D2E1281BB7F700783351 /* recordersettings.swift */,
				C967D2E5281BDCFD00783351 /* cameraview.swift */,
				C967D2E3281BB82C00783351 /* recordview.swift */,
				C9A8F2EB27F19BF000F250B1 /* Assets.xcassets */,
				C9A8F2ED27F19BF000F250B1 /* Preview Content */,
			);
			path = mixer;
			sourceTree = "<group>";
		};
		C9A8F2ED27F19BF000F250B1 /* Preview Content */ = {
			isa = PBXGroup;
			children = (
				C9A8F2EE27F19BF000F250B1 /* Preview Assets.xcassets */,
			);
			path = "Preview Content";
			sourceTree = "<group>";
		};
		C9A8F2F727F19BF000F250B1 /* mixerTests */ = {
			isa = PBXGroup;
			children = (
				C9A8F2F827F19BF000F250B1 /* mixerTests.swift */,
			);
			path = mixerTests;
			sourceTree = "<group>";
		};
		C9A8F30127F19BF000F250B1 /* mixerUITests */ = {
			isa = PBXGroup;
			children = (
				C9A8F30227F19BF000F250B1 /* mixerUITests.swift */,
				C9A8F30427F19BF000F250B1 /* mixerUITestsLaunchTests.swift */,
			);
			path = mixerUITests;
			sourceTree = "<group>";
		};
/* End PBXGroup section */

/* Begin PBXNativeTarget section */
		C9A8F2E327F19BEE00F250B1 /* mixer */ = {
			isa = PBXNativeTarget;
			buildConfigurationList = C9A8F30827F19BF000F250B1 /* Build configuration list for PBXNativeTarget "mixer" */;
			buildPhases = (
				C9A8F2E027F19BEE00F250B1 /* Sources */,
				C9A8F2E127F19BEE00F250B1 /* Frameworks */,
				C9A8F2E227F19BEE00F250B1 /* Resources */,
			);
			buildRules = (
			);
			dependencies = (
			);
			name = mixer;
			packageProductDependencies = (
				C967D2E8281FB37B00783351 /* Alamofire */,
				C967D2F02821A58F00783351 /* CameraManager */,
			);
			productName = mixer;
			productReference = C9A8F2E427F19BEE00F250B1 /* mixer.app */;
			productType = "com.apple.product-type.application";
		};
		C9A8F2F327F19BF000F250B1 /* mixerTests */ = {
			isa = PBXNativeTarget;
			buildConfigurationList = C9A8F30B27F19BF000F250B1 /* Build configuration list for PBXNativeTarget "mixerTests" */;
			buildPhases = (
				C9A8F2F027F19BF000F250B1 /* Sources */,
				C9A8F2F127F19BF000F250B1 /* Frameworks */,
				C9A8F2F227F19BF000F250B1 /* Resources */,
			);
			buildRules = (
			);
			dependencies = (
				C9A8F2F627F19BF000F250B1 /* PBXTargetDependency */,
			);
			name = mixerTests;
			productName = mixerTests;
			productReference = C9A8F2F427F19BF000F250B1 /* mixerTests.xctest */;
			productType = "com.apple.product-type.bundle.unit-test";
		};
		C9A8F2FD27F19BF000F250B1 /* mixerUITests */ = {
			isa = PBXNativeTarget;
			buildConfigurationList = C9A8F30E27F19BF000F250B1 /* Build configuration list for PBXNativeTarget "mixerUITests" */;
			buildPhases = (
				C9A8F2FA27F19BF000F250B1 /* Sources */,
				C9A8F2FB27F19BF000F250B1 /* Frameworks */,
				C9A8F2FC27F19BF000F250B1 /* Resources */,
			);
			buildRules = (
			);
			dependencies = (
				C9A8F30027F19BF000F250B1 /* PBXTargetDependency */,
			);
			name = mixerUITests;
			productName = mixerUITests;
			productReference = C9A8F2FE27F19BF000F250B1 /* mixerUITests.xctest */;
			productType = "com.apple.product-type.bundle.ui-testing";
		};
/* End PBXNativeTarget section */

/* Begin PBXProject section */
		C9A8F2DC27F19BEE00F250B1 /* Project object */ = {
			isa = PBXProject;
			attributes = {
				BuildIndependentTargetsInParallel = 1;
				LastSwiftUpdateCheck = 1320;
				LastUpgradeCheck = 1320;
				TargetAttributes = {
					C9A8F2E327F19BEE00F250B1 = {
						CreatedOnToolsVersion = 13.2.1;
					};
					C9A8F2F327F19BF000F250B1 = {
						CreatedOnToolsVersion = 13.2.1;
						TestTargetID = C9A8F2E327F19BEE00F250B1;
					};
					C9A8F2FD27F19BF000F250B1 = {
						CreatedOnToolsVersion = 13.2.1;
						TestTargetID = C9A8F2E327F19BEE00F250B1;
					};
				};
			};
			buildConfigurationList = C9A8F2DF27F19BEE00F250B1 /* Build configuration list for PBXProject "mixer" */;
			compatibilityVersion = "Xcode 13.0";
			developmentRegion = en;
			hasScannedForEncodings = 0;
			knownRegions = (
				en,
				Base,
			);
			mainGroup = C9A8F2DB27F19BEE00F250B1;
			packageReferences = (
				C967D2E7281FB37B00783351 /* XCRemoteSwiftPackageReference "Alamofire" */,
				C967D2EF2821A58F00783351 /* XCRemoteSwiftPackageReference "CameraManager" */,
			);
			productRefGroup = C9A8F2E527F19BEE00F250B1 /* Products */;
			projectDirPath = "";
			projectRoot = "";
			targets = (
				C9A8F2E327F19BEE00F250B1 /* mixer */,
				C9A8F2F327F19BF000F250B1 /* mixerTests */,
				C9A8F2FD27F19BF000F250B1 /* mixerUITests */,
			);
		};
/* End PBXProject section */

/* Begin PBXResourcesBuildPhase section */
		C9A8F2E227F19BEE00F250B1 /* Resources */ = {
			isa = PBXResourcesBuildPhase;
			buildActionMask = 2147483647;
			files = (
				C9A8F2EF27F19BF000F250B1 /* Preview Assets.xcassets in Resources */,
				C9A8F2EC27F19BF000F250B1 /* Assets.xcassets in Resources */,
			);
			runOnlyForDeploymentPostprocessing = 0;
		};
		C9A8F2F227F19BF000F250B1 /* Resources */ = {
			isa = PBXResourcesBuildPhase;
			buildActionMask = 2147483647;
			files = (
			);
			runOnlyForDeploymentPostprocessing = 0;
		};
		C9A8F2FC27F19BF000F250B1 /* Resources */ = {
			isa = PBXResourcesBuildPhase;
			buildActionMask = 2147483647;
			files = (
			);
			runOnlyForDeploymentPostprocessing = 0;
		};
/* End PBXResourcesBuildPhase section */

/* Begin PBXSourcesBuildPhase section */
		C9A8F2E027F19BEE00F250B1 /* Sources */ = {
			isa = PBXSourcesBuildPhase;
			buildActionMask = 2147483647;
			files = (
				C9496197283A2F850009F4B4 /* watchview.swift in Sources */,
				C9496195283A14250009F4B4 /* composeview.swift in Sources */,
				C9A8F2EA27F19BEE00F250B1 /* ContentView.swift in Sources */,
				C967D2E0281BB78B00783351 /* firstview.swift in Sources */,
				C967D2DE281BB72500783351 /* joinview.swift in Sources */,
				C9A8F31327F2F31200F250B1 /* Extensions.swift in Sources */,
				C967D2DC281BB6A700783351 /* createview.swift in Sources */,
				C967D2E6281BDCFD00783351 /* cameraview.swift in Sources */,
				C967D2E4281BB82C00783351 /* recordview.swift in Sources */,
				C967D2E2281BB7F700783351 /* recordersettings.swift in Sources */,
				C9A8F2E827F19BEE00F250B1 /* mixerApp.swift in Sources */,
			);
			runOnlyForDeploymentPostprocessing = 0;
		};
		C9A8F2F027F19BF000F250B1 /* Sources */ = {
			isa = PBXSourcesBuildPhase;
			buildActionMask = 2147483647;
			files = (
				C9A8F2F927F19BF000F250B1 /* mixerTests.swift in Sources */,
			);
			runOnlyForDeploymentPostprocessing = 0;
		};
		C9A8F2FA27F19BF000F250B1 /* Sources */ = {
			isa = PBXSourcesBuildPhase;
			buildActionMask = 2147483647;
			files = (
				C9A8F30527F19BF000F250B1 /* mixerUITestsLaunchTests.swift in Sources */,
				C9A8F30327F19BF000F250B1 /* mixerUITests.swift in Sources */,
			);
			runOnlyForDeploymentPostprocessing = 0;
		};
/* End PBXSourcesBuildPhase section */

/* Begin PBXTargetDependency section */
		C9A8F2F627F19BF000F250B1 /* PBXTargetDependency */ = {
			isa = PBXTargetDependency;
			target = C9A8F2E327F19BEE00F250B1 /* mixer */;
			targetProxy = C9A8F2F527F19BF000F250B1 /* PBXContainerItemProxy */;
		};
		C9A8F30027F19BF000F250B1 /* PBXTargetDependency */ = {
			isa = PBXTargetDependency;
			target = C9A8F2E327F19BEE00F250B1 /* mixer */;
			targetProxy = C9A8F2FF27F19BF000F250B1 /* PBXContainerItemProxy */;
		};
/* End PBXTargetDependency section */

/* Begin XCBuildConfiguration section */
		C9A8F30627F19BF000F250B1 /* Debug */ = {
			isa = XCBuildConfiguration;
			buildSettings = {
				ALWAYS_SEARCH_USER_PATHS = NO;
				CLANG_ANALYZER_NONNULL = YES;
				CLANG_ANALYZER_NUMBER_OBJECT_CONVERSION = YES_AGGRESSIVE;
				CLANG_CXX_LANGUAGE_STANDARD = "gnu++17";
				CLANG_CXX_LIBRARY = "libc++";
				CLANG_ENABLE_MODULES = YES;
				CLANG_ENABLE_OBJC_ARC = YES;
				CLANG_ENABLE_OBJC_WEAK = YES;
				CLANG_WARN_BLOCK_CAPTURE_AUTORELEASING = YES;
				CLANG_WARN_BOOL_CONVERSION = YES;
				CLANG_WARN_COMMA = YES;
				CLANG_WARN_CONSTANT_CONVERSION = YES;
				CLANG_WARN_DEPRECATED_OBJC_IMPLEMENTATIONS = YES;
				CLANG_WARN_DIRECT_OBJC_ISA_USAGE = YES_ERROR;
				CLANG_WARN_DOCUMENTATION_COMMENTS = YES;
				CLANG_WARN_EMPTY_BODY = YES;
				CLANG_WARN_ENUM_CONVERSION = YES;
				CLANG_WARN_INFINITE_RECURSION = YES;
				CLANG_WARN_INT_CONVERSION = YES;
				CLANG_WARN_NON_LITERAL_NULL_CONVERSION = YES;
				CLANG_WARN_OBJC_IMPLICIT_RETAIN_SELF = YES;
				CLANG_WARN_OBJC_LITERAL_CONVERSION = YES;
				CLANG_WARN_OBJC_ROOT_CLASS = YES_ERROR;
				CLANG_WARN_QUOTED_INCLUDE_IN_FRAMEWORK_HEADER = YES;
				CLANG_WARN_RANGE_LOOP_ANALYSIS = YES;
				CLANG_WARN_STRICT_PROTOTYPES = YES;
				CLANG_WARN_SUSPICIOUS_MOVE = YES;
				CLANG_WARN_UNGUARDED_AVAILABILITY = YES_AGGRESSIVE;
				CLANG_WARN_UNREACHABLE_CODE = YES;
				CLANG_WARN__DUPLICATE_METHOD_MATCH = YES;
				COPY_PHASE_STRIP = NO;
				DEBUG_INFORMATION_FORMAT = dwarf;
				ENABLE_STRICT_OBJC_MSGSEND = YES;
				ENABLE_TESTABILITY = YES;
				GCC_C_LANGUAGE_STANDARD = gnu11;
				GCC_DYNAMIC_NO_PIC = NO;
				GCC_NO_COMMON_BLOCKS = YES;
				GCC_OPTIMIZATION_LEVEL = 0;
				GCC_PREPROCESSOR_DEFINITIONS = (
					"DEBUG=1",
					"$(inherited)",
				);
				GCC_WARN_64_TO_32_BIT_CONVERSION = YES;
				GCC_WARN_ABOUT_RETURN_TYPE = YES_ERROR;
				GCC_WARN_UNDECLARED_SELECTOR = YES;
				GCC_WARN_UNINITIALIZED_AUTOS = YES_AGGRESSIVE;
				GCC_WARN_UNUSED_FUNCTION = YES;
				GCC_WARN_UNUSED_VARIABLE = YES;
				IPHONEOS_DEPLOYMENT_TARGET = 15.4;
				MTL_ENABLE_DEBUG_INFO = INCLUDE_SOURCE;
				MTL_FAST_MATH = YES;
				ONLY_ACTIVE_ARCH = YES;
				SDKROOT = iphoneos;
				SWIFT_ACTIVE_COMPILATION_CONDITIONS = DEBUG;
				SWIFT_OPTIMIZATION_LEVEL = "-Onone";
			};
			name = Debug;
		};
		C9A8F30727F19BF000F250B1 /* Release */ = {
			isa = XCBuildConfiguration;
			buildSettings = {
				ALWAYS_SEARCH_USER_PATHS = NO;
				CLANG_ANALYZER_NONNULL = YES;
				CLANG_ANALYZER_NUMBER_OBJECT_CONVERSION = YES_AGGRESSIVE;
				CLANG_CXX_LANGUAGE_STANDARD = "gnu++17";
				CLANG_CXX_LIBRARY = "libc++";
				CLANG_ENABLE_MODULES = YES;
				CLANG_ENABLE_OBJC_ARC = YES;
				CLANG_ENABLE_OBJC_WEAK = YES;
				CLANG_WARN_BLOCK_CAPTURE_AUTORELEASING = YES;
				CLANG_WARN_BOOL_CONVERSION = YES;
				CLANG_WARN_COMMA = YES;
				CLANG_WARN_CONSTANT_CONVERSION = YES;
				CLANG_WARN_DEPRECATED_OBJC_IMPLEMENTATIONS = YES;
				CLANG_WARN_DIRECT_OBJC_ISA_USAGE = YES_ERROR;
				CLANG_WARN_DOCUMENTATION_COMMENTS = YES;
				CLANG_WARN_EMPTY_BODY = YES;
				CLANG_WARN_ENUM_CONVERSION = YES;
				CLANG_WARN_INFINITE_RECURSION = YES;
				CLANG_WARN_INT_CONVERSION = YES;
				CLANG_WARN_NON_LITERAL_NULL_CONVERSION = YES;
				CLANG_WARN_OBJC_IMPLICIT_RETAIN_SELF = YES;
				CLANG_WARN_OBJC_LITERAL_CONVERSION = YES;
				CLANG_WARN_OBJC_ROOT_CLASS = YES_ERROR;
				CLANG_WARN_QUOTED_INCLUDE_IN_FRAMEWORK_HEADER = YES;
				CLANG_WARN_RANGE_LOOP_ANALYSIS = YES;
				CLANG_WARN_STRICT_PROTOTYPES = YES;
				CLANG_WARN_SUSPICIOUS_MOVE = YES;
				CLANG_WARN_UNGUARDED_AVAILABILITY = YES_AGGRESSIVE;
				CLANG_WARN_UNREACHABLE_CODE = YES;
				CLANG_WARN__DUPLICATE_METHOD_MATCH = YES;
				COPY_PHASE_STRIP = NO;
				DEBUG_INFORMATION_FORMAT = "dwarf-with-dsym";
				ENABLE_NS_ASSERTIONS = NO;
				ENABLE_STRICT_OBJC_MSGSEND = YES;
				GCC_C_LANGUAGE_STANDARD = gnu11;
				GCC_NO_COMMON_BLOCKS = YES;
				GCC_WARN_64_TO_32_BIT_CONVERSION = YES;
				GCC_WARN_ABOUT_RETURN_TYPE = YES_ERROR;
				GCC_WARN_UNDECLARED_SELECTOR = YES;
				GCC_WARN_UNINITIALIZED_AUTOS = YES_AGGRESSIVE;
				GCC_WARN_UNUSED_FUNCTION = YES;
				GCC_WARN_UNUSED_VARIABLE = YES;
				IPHONEOS_DEPLOYMENT_TARGET = 15.4;
				MTL_ENABLE_DEBUG_INFO = NO;
				MTL_FAST_MATH = YES;
				SDKROOT = iphoneos;
				SWIFT_COMPILATION_MODE = wholemodule;
				SWIFT_OPTIMIZATION_LEVEL = "-O";
				VALIDATE_PRODUCT = YES;
			};
			name = Release;
		};
		C9A8F30927F19BF000F250B1 /* Debug */ = {
			isa = XCBuildConfiguration;
			buildSettings = {
				ASSETCATALOG_COMPILER_APPICON_NAME = AppIcon;
				ASSETCATALOG_COMPILER_GLOBAL_ACCENT_COLOR_NAME = AccentColor;
				CODE_SIGN_STYLE = Automatic;
				CURRENT_PROJECT_VERSION = 1;
				DEVELOPMENT_ASSET_PATHS = "\"mixer/Preview Content\"";
				DEVELOPMENT_TEAM = UNYR8R89XY;
				ENABLE_PREVIEWS = YES;
				GENERATE_INFOPLIST_FILE = YES;
				INFOPLIST_FILE = mixer/Info.plist;
				INFOPLIST_KEY_NSCameraUsageDescription = "need to access camera";
				INFOPLIST_KEY_NSMicrophoneUsageDescription = "need to access micorphone";
				INFOPLIST_KEY_UIApplicationSceneManifest_Generation = YES;
				INFOPLIST_KEY_UIApplicationSupportsIndirectInputEvents = YES;
				INFOPLIST_KEY_UILaunchScreen_Generation = YES;
				INFOPLIST_KEY_UISupportedInterfaceOrientations_iPad = "UIInterfaceOrientationPortrait UIInterfaceOrientationPortraitUpsideDown UIInterfaceOrientationLandscapeLeft UIInterfaceOrientationLandscapeRight";
				INFOPLIST_KEY_UISupportedInterfaceOrientations_iPhone = "UIInterfaceOrientationPortrait UIInterfaceOrientationLandscapeLeft UIInterfaceOrientationLandscapeRight";
				IPHONEOS_DEPLOYMENT_TARGET = 15.4;
				LD_RUNPATH_SEARCH_PATHS = (
					"$(inherited)",
					"@executable_path/Frameworks",
				);
				MARKETING_VERSION = 1.0;
				PRODUCT_BUNDLE_IDENTIFIER = test.mixer;
				PRODUCT_NAME = "$(TARGET_NAME)";
				SWIFT_EMIT_LOC_STRINGS = YES;
				SWIFT_VERSION = 5.0;
				TARGETED_DEVICE_FAMILY = "1,2";
			};
			name = Debug;
		};
		C9A8F30A27F19BF000F250B1 /* Release */ = {
			isa = XCBuildConfiguration;
			buildSettings = {
				ASSETCATALOG_COMPILER_APPICON_NAME = AppIcon;
				ASSETCATALOG_COMPILER_GLOBAL_ACCENT_COLOR_NAME = AccentColor;
				CODE_SIGN_IDENTITY = "Apple Development";
				CODE_SIGN_STYLE = Automatic;
				CURRENT_PROJECT_VERSION = 1;
				DEVELOPMENT_ASSET_PATHS = "\"mixer/Preview Content\"";
				DEVELOPMENT_TEAM = UNYR8R89XY;
				ENABLE_PREVIEWS = YES;
				GENERATE_INFOPLIST_FILE = YES;
				INFOPLIST_FILE = mixer/Info.plist;
				INFOPLIST_KEY_NSCameraUsageDescription = "need to access camera";
				INFOPLIST_KEY_NSMicrophoneUsageDescription = "need to access micorphone";
				INFOPLIST_KEY_UIApplicationSceneManifest_Generation = YES;
				INFOPLIST_KEY_UIApplicationSupportsIndirectInputEvents = YES;
				INFOPLIST_KEY_UILaunchScreen_Generation = YES;
				INFOPLIST_KEY_UISupportedInterfaceOrientations_iPad = "UIInterfaceOrientationPortrait UIInterfaceOrientationPortraitUpsideDown UIInterfaceOrientationLandscapeLeft UIInterfaceOrientationLandscapeRight";
				INFOPLIST_KEY_UISupportedInterfaceOrientations_iPhone = "UIInterfaceOrientationPortrait UIInterfaceOrientationLandscapeLeft UIInterfaceOrientationLandscapeRight";
				IPHONEOS_DEPLOYMENT_TARGET = 15.4;
				LD_RUNPATH_SEARCH_PATHS = (
					"$(inherited)",
					"@executable_path/Frameworks",
				);
				MARKETING_VERSION = 1.0;
				PRODUCT_BUNDLE_IDENTIFIER = test.mixer;
				PRODUCT_NAME = "$(TARGET_NAME)";
				PROVISIONING_PROFILE_SPECIFIER = "";
				SWIFT_EMIT_LOC_STRINGS = YES;
				SWIFT_VERSION = 5.0;
				TARGETED_DEVICE_FAMILY = "1,2";
			};
			name = Release;
		};
		C9A8F30C27F19BF000F250B1 /* Debug */ = {
			isa = XCBuildConfiguration;
			buildSettings = {
				ALWAYS_EMBED_SWIFT_STANDARD_LIBRARIES = YES;
				BUNDLE_LOADER = "$(TEST_HOST)";
				CODE_SIGN_STYLE = Automatic;
				CURRENT_PROJECT_VERSION = 1;
				DEVELOPMENT_TEAM = UNYR8R89XY;
				GENERATE_INFOPLIST_FILE = YES;
				IPHONEOS_DEPLOYMENT_TARGET = 15.4;
				MARKETING_VERSION = 1.0;
				PRODUCT_BUNDLE_IDENTIFIER = test.mixerTests;
				PRODUCT_NAME = "$(TARGET_NAME)";
				SWIFT_EMIT_LOC_STRINGS = NO;
				SWIFT_VERSION = 5.0;
				TARGETED_DEVICE_FAMILY = "1,2";
				TEST_HOST = "$(BUILT_PRODUCTS_DIR)/mixer.app/mixer";
			};
			name = Debug;
		};
		C9A8F30D27F19BF000F250B1 /* Release */ = {
			isa = XCBuildConfiguration;
			buildSettings = {
				ALWAYS_EMBED_SWIFT_STANDARD_LIBRARIES = YES;
				BUNDLE_LOADER = "$(TEST_HOST)";
				CODE_SIGN_STYLE = Automatic;
				CURRENT_PROJECT_VERSION = 1;
				DEVELOPMENT_TEAM = UNYR8R89XY;
				GENERATE_INFOPLIST_FILE = YES;
				IPHONEOS_DEPLOYMENT_TARGET = 15.4;
				MARKETING_VERSION = 1.0;
				PRODUCT_BUNDLE_IDENTIFIER = test.mixerTests;
				PRODUCT_NAME = "$(TARGET_NAME)";
				SWIFT_EMIT_LOC_STRINGS = NO;
				SWIFT_VERSION = 5.0;
				TARGETED_DEVICE_FAMILY = "1,2";
				TEST_HOST = "$(BUILT_PRODUCTS_DIR)/mixer.app/mixer";
			};
			name = Release;
		};
		C9A8F30F27F19BF000F250B1 /* Debug */ = {
			isa = XCBuildConfiguration;
			buildSettings = {
				ALWAYS_EMBED_SWIFT_STANDARD_LIBRARIES = YES;
				CODE_SIGN_STYLE = Automatic;
				CURRENT_PROJECT_VERSION = 1;
				DEVELOPMENT_TEAM = UNYR8R89XY;
				GENERATE_INFOPLIST_FILE = YES;
				MARKETING_VERSION = 1.0;
				PRODUCT_BUNDLE_IDENTIFIER = test.mixerUITests;
				PRODUCT_NAME = "$(TARGET_NAME)";
				SWIFT_EMIT_LOC_STRINGS = NO;
				SWIFT_VERSION = 5.0;
				TARGETED_DEVICE_FAMILY = "1,2";
				TEST_TARGET_NAME = mixer;
			};
			name = Debug;
		};
		C9A8F31027F19BF000F250B1 /* Release */ = {
			isa = XCBuildConfiguration;
			buildSettings = {
				ALWAYS_EMBED_SWIFT_STANDARD_LIBRARIES = YES;
				CODE_SIGN_STYLE = Automatic;
				CURRENT_PROJECT_VERSION = 1;
				DEVELOPMENT_TEAM = UNYR8R89XY;
				GENERATE_INFOPLIST_FILE = YES;
				MARKETING_VERSION = 1.0;
				PRODUCT_BUNDLE_IDENTIFIER = test.mixerUITests;
				PRODUCT_NAME = "$(TARGET_NAME)";
				SWIFT_EMIT_LOC_STRINGS = NO;
				SWIFT_VERSION = 5.0;
				TARGETED_DEVICE_FAMILY = "1,2";
				TEST_TARGET_NAME = mixer;
			};
			name = Release;
		};
/* End XCBuildConfiguration section */

/* Begin XCConfigurationList section */
		C9A8F2DF27F19BEE00F250B1 /* Build configuration list for PBXProject "mixer" */ = {
			isa = XCConfigurationList;
			buildConfigurations = (
				C9A8F30627F19BF000F250B1 /* Debug */,
				C9A8F30727F19BF000F250B1 /* Release */,
			);
			defaultConfigurationIsVisible = 0;
			defaultConfigurationName = Release;
		};
		C9A8F30827F19BF000F250B1 /* Build configuration list for PBXNativeTarget "mixer" */ = {
			isa = XCConfigurationList;
			buildConfigurations = (
				C9A8F30927F19BF000F250B1 /* Debug */,
				C9A8F30A27F19BF000F250B1 /* Release */,
			);
			defaultConfigurationIsVisible = 0;
			defaultConfigurationName = Release;
		};
		C9A8F30B27F19BF000F250B1 /* Build configuration list for PBXNativeTarget "mixerTests" */ = {
			isa = XCConfigurationList;
			buildConfigurations = (
				C9A8F30C27F19BF000F250B1 /* Debug */,
				C9A8F30D27F19BF000F250B1 /* Release */,
			);
			defaultConfigurationIsVisible = 0;
			defaultConfigurationName = Release;
		};
		C9A8F30E27F19BF000F250B1 /* Build configuration list for PBXNativeTarget "mixerUITests" */ = {
			isa = XCConfigurationList;
			buildConfigurations = (
				C9A8F30F27F19BF000F250B1 /* Debug */,
				C9A8F31027F19BF000F250B1 /* Release */,
			);
			defaultConfigurationIsVisible = 0;
			defaultConfigurationName = Release;
		};
/* End XCConfigurationList section */

/* Begin XCRemoteSwiftPackageReference section */
		C967D2E7281FB37B00783351 /* XCRemoteSwiftPackageReference "Alamofire" */ = {
			isa = XCRemoteSwiftPackageReference;
			repositoryURL = "https://github.com/Alamofire/Alamofire.git";
			requirement = {
				kind = upToNextMajorVersion;
				minimumVersion = 5.0.0;
			};
		};
		C967D2EF2821A58F00783351 /* XCRemoteSwiftPackageReference "CameraManager" */ = {
			isa = XCRemoteSwiftPackageReference;
			repositoryURL = "https://github.com/imaginary-cloud/CameraManager";
			requirement = {
				kind = upToNextMajorVersion;
				minimumVersion = 5.0.0;
			};
		};
/* End XCRemoteSwiftPackageReference section */

/* Begin XCSwiftPackageProductDependency section */
		C967D2E8281FB37B00783351 /* Alamofire */ = {
			isa = XCSwiftPackageProductDependency;
			package = C967D2E7281FB37B00783351 /* XCRemoteSwiftPackageReference "Alamofire" */;
			productName = Alamofire;
		};
		C967D2F02821A58F00783351 /* CameraManager */ = {
			isa = XCSwiftPackageProductDependency;
			package = C967D2EF2821A58F00783351 /* XCRemoteSwiftPackageReference "CameraManager" */;
			productName = CameraManager;
		};
/* End XCSwiftPackageProductDependency section */
	};
	rootObject = C9A8F2DC27F19BEE00F250B1 /* Project object */;
}
